// !$*UTF8*$!
{
	archiveVersion = 1;
	classes = {
	};
	objectVersion = 51;
	objects = {

/* Begin PBXBuildFile section */
		11446532320ED05DDD15FB2C /* Pods_al_hyun_haeng_iosTests.framework in Frameworks */ = {isa = PBXBuildFile; fileRef = 231876B64E350F938D679489 /* Pods_al_hyun_haeng_iosTests.framework */; };
		593C862838EDFCF3989179C3 /* Pods_al_hyun_haeng_ios.framework in Frameworks */ = {isa = PBXBuildFile; fileRef = 3C1B55D85C7809368BE77C37 /* Pods_al_hyun_haeng_ios.framework */; };
		6E76E86E2488B20E006102E6 /* SignInViewModel.swift in Sources */ = {isa = PBXBuildFile; fileRef = 6E76E86D2488B20E006102E6 /* SignInViewModel.swift */; };
		6E76E8712488B276006102E6 /* UserDefaultsUtils.swift in Sources */ = {isa = PBXBuildFile; fileRef = 6E76E8702488B276006102E6 /* UserDefaultsUtils.swift */; };
		6E76E8742488B2F2006102E6 /* UserServices.swift in Sources */ = {isa = PBXBuildFile; fileRef = 6E76E8732488B2F2006102E6 /* UserServices.swift */; };
		6E76E8762488B508006102E6 /* AlertUtils.swift in Sources */ = {isa = PBXBuildFile; fileRef = 6E76E8752488B508006102E6 /* AlertUtils.swift */; };
		6E76E8782488BA47006102E6 /* GoogleService-Info.plist in Resources */ = {isa = PBXBuildFile; fileRef = 6E76E8772488BA47006102E6 /* GoogleService-Info.plist */; };
		6E76E87A2488BE5B006102E6 /* FirebaseUtils.swift in Sources */ = {isa = PBXBuildFile; fileRef = 6E76E8792488BE5B006102E6 /* FirebaseUtils.swift */; };
		6E76E87D2488C36B006102E6 /* ProfileView.swift in Sources */ = {isa = PBXBuildFile; fileRef = 6E76E87C2488C36B006102E6 /* ProfileView.swift */; };
		6E76E87F2488C927006102E6 /* ProfileVC.swift in Sources */ = {isa = PBXBuildFile; fileRef = 6E76E87E2488C927006102E6 /* ProfileVC.swift */; };
		6E76E8812488DA84006102E6 /* ProfileViewModel.swift in Sources */ = {isa = PBXBuildFile; fileRef = 6E76E8802488DA84006102E6 /* ProfileViewModel.swift */; };
		6ED3C59D2485E82600DBBE6B /* AppDelegate.swift in Sources */ = {isa = PBXBuildFile; fileRef = 6ED3C59C2485E82600DBBE6B /* AppDelegate.swift */; };
		6ED3C59F2485E82600DBBE6B /* SceneDelegate.swift in Sources */ = {isa = PBXBuildFile; fileRef = 6ED3C59E2485E82600DBBE6B /* SceneDelegate.swift */; };
		6ED3C5A12485E82600DBBE6B /* SignInVC.swift in Sources */ = {isa = PBXBuildFile; fileRef = 6ED3C5A02485E82600DBBE6B /* SignInVC.swift */; };
		6ED3C5A62485E82600DBBE6B /* Assets.xcassets in Resources */ = {isa = PBXBuildFile; fileRef = 6ED3C5A52485E82600DBBE6B /* Assets.xcassets */; };
		6ED3C5A92485E82600DBBE6B /* LaunchScreen.storyboard in Resources */ = {isa = PBXBuildFile; fileRef = 6ED3C5A72485E82600DBBE6B /* LaunchScreen.storyboard */; };
		6ED3C5B42485E82700DBBE6B /* al_hyun_haeng_iosTests.swift in Sources */ = {isa = PBXBuildFile; fileRef = 6ED3C5B32485E82700DBBE6B /* al_hyun_haeng_iosTests.swift */; };
		6ED3C5C32485EBCD00DBBE6B /* BaseView.swift in Sources */ = {isa = PBXBuildFile; fileRef = 6ED3C5C22485EBCD00DBBE6B /* BaseView.swift */; };
		6ED3C5C62485EC0000DBBE6B /* BaseVC.swift in Sources */ = {isa = PBXBuildFile; fileRef = 6ED3C5C52485EC0000DBBE6B /* BaseVC.swift */; };
		6ED3C5C82485EC1200DBBE6B /* BaseTableViewCell.swift in Sources */ = {isa = PBXBuildFile; fileRef = 6ED3C5C72485EC1200DBBE6B /* BaseTableViewCell.swift */; };
		6ED3C5CA2485EC1E00DBBE6B /* BaseCollectionViewCell.swift in Sources */ = {isa = PBXBuildFile; fileRef = 6ED3C5C92485EC1E00DBBE6B /* BaseCollectionViewCell.swift */; };
		6ED3C5CC2485EC2900DBBE6B /* BaseViewModel.swift in Sources */ = {isa = PBXBuildFile; fileRef = 6ED3C5CB2485EC2900DBBE6B /* BaseViewModel.swift */; };
		6ED3C5CE2485EC3C00DBBE6B /* UIViewExt.swift in Sources */ = {isa = PBXBuildFile; fileRef = 6ED3C5CD2485EC3C00DBBE6B /* UIViewExt.swift */; };
		6ED3C5D02485EC4D00DBBE6B /* UIColorExt.swift in Sources */ = {isa = PBXBuildFile; fileRef = 6ED3C5CF2485EC4D00DBBE6B /* UIColorExt.swift */; };
		6ED3C5D22485EC5E00DBBE6B /* UIImageViewExt.swift in Sources */ = {isa = PBXBuildFile; fileRef = 6ED3C5D12485EC5E00DBBE6B /* UIImageViewExt.swift */; };
		6ED3C5D52485EFFE00DBBE6B /* SignInView.swift in Sources */ = {isa = PBXBuildFile; fileRef = 6ED3C5D42485EFFE00DBBE6B /* SignInView.swift */; };
		6ED3C5DC2486027E00DBBE6B /* SpoqaHanSans-Bold.ttf in Resources */ = {isa = PBXBuildFile; fileRef = 6ED3C5D82486027E00DBBE6B /* SpoqaHanSans-Bold.ttf */; };
		6ED3C5DD2486027E00DBBE6B /* SpoqaHanSans-Regular.ttf in Resources */ = {isa = PBXBuildFile; fileRef = 6ED3C5D92486027E00DBBE6B /* SpoqaHanSans-Regular.ttf */; };
		6ED3C5DE2486027E00DBBE6B /* SpoqaHanSans-Thin.ttf in Resources */ = {isa = PBXBuildFile; fileRef = 6ED3C5DA2486027E00DBBE6B /* SpoqaHanSans-Thin.ttf */; };
		6ED3C5DF2486027E00DBBE6B /* SpoqaHanSans-Light.ttf in Resources */ = {isa = PBXBuildFile; fileRef = 6ED3C5DB2486027E00DBBE6B /* SpoqaHanSans-Light.ttf */; };
/* End PBXBuildFile section */

/* Begin PBXContainerItemProxy section */
		6ED3C5B02485E82700DBBE6B /* PBXContainerItemProxy */ = {
			isa = PBXContainerItemProxy;
			containerPortal = 6ED3C5912485E82600DBBE6B /* Project object */;
			proxyType = 1;
			remoteGlobalIDString = 6ED3C5982485E82600DBBE6B;
			remoteInfo = "al-hyun-haeng-ios";
		};
/* End PBXContainerItemProxy section */

/* Begin PBXFileReference section */
		05069A87983A4698B4EBCF0B /* Pods-al-hyun-haeng-iosTests.debug.xcconfig */ = {isa = PBXFileReference; includeInIndex = 1; lastKnownFileType = text.xcconfig; name = "Pods-al-hyun-haeng-iosTests.debug.xcconfig"; path = "Target Support Files/Pods-al-hyun-haeng-iosTests/Pods-al-hyun-haeng-iosTests.debug.xcconfig"; sourceTree = "<group>"; };
		231876B64E350F938D679489 /* Pods_al_hyun_haeng_iosTests.framework */ = {isa = PBXFileReference; explicitFileType = wrapper.framework; includeInIndex = 0; path = Pods_al_hyun_haeng_iosTests.framework; sourceTree = BUILT_PRODUCTS_DIR; };
		3C1B55D85C7809368BE77C37 /* Pods_al_hyun_haeng_ios.framework */ = {isa = PBXFileReference; explicitFileType = wrapper.framework; includeInIndex = 0; path = Pods_al_hyun_haeng_ios.framework; sourceTree = BUILT_PRODUCTS_DIR; };
		6E76E86D2488B20E006102E6 /* SignInViewModel.swift */ = {isa = PBXFileReference; lastKnownFileType = sourcecode.swift; path = SignInViewModel.swift; sourceTree = "<group>"; };
		6E76E8702488B276006102E6 /* UserDefaultsUtils.swift */ = {isa = PBXFileReference; lastKnownFileType = sourcecode.swift; path = UserDefaultsUtils.swift; sourceTree = "<group>"; };
		6E76E8732488B2F2006102E6 /* UserServices.swift */ = {isa = PBXFileReference; lastKnownFileType = sourcecode.swift; path = UserServices.swift; sourceTree = "<group>"; };
		6E76E8752488B508006102E6 /* AlertUtils.swift */ = {isa = PBXFileReference; lastKnownFileType = sourcecode.swift; path = AlertUtils.swift; sourceTree = "<group>"; };
		6E76E8772488BA47006102E6 /* GoogleService-Info.plist */ = {isa = PBXFileReference; fileEncoding = 4; lastKnownFileType = text.plist.xml; path = "GoogleService-Info.plist"; sourceTree = "<group>"; };
		6E76E8792488BE5B006102E6 /* FirebaseUtils.swift */ = {isa = PBXFileReference; lastKnownFileType = sourcecode.swift; path = FirebaseUtils.swift; sourceTree = "<group>"; };
		6E76E87B2488BF1C006102E6 /* al-hyun-haeng-ios.entitlements */ = {isa = PBXFileReference; lastKnownFileType = text.plist.entitlements; path = "al-hyun-haeng-ios.entitlements"; sourceTree = "<group>"; };
		6E76E87C2488C36B006102E6 /* ProfileView.swift */ = {isa = PBXFileReference; lastKnownFileType = sourcecode.swift; path = ProfileView.swift; sourceTree = "<group>"; };
		6E76E87E2488C927006102E6 /* ProfileVC.swift */ = {isa = PBXFileReference; lastKnownFileType = sourcecode.swift; path = ProfileVC.swift; sourceTree = "<group>"; };
		6E76E8802488DA84006102E6 /* ProfileViewModel.swift */ = {isa = PBXFileReference; lastKnownFileType = sourcecode.swift; path = ProfileViewModel.swift; sourceTree = "<group>"; };
		6ED3C5992485E82600DBBE6B /* al-hyun-haeng-ios.app */ = {isa = PBXFileReference; explicitFileType = wrapper.application; includeInIndex = 0; path = "al-hyun-haeng-ios.app"; sourceTree = BUILT_PRODUCTS_DIR; };
		6ED3C59C2485E82600DBBE6B /* AppDelegate.swift */ = {isa = PBXFileReference; lastKnownFileType = sourcecode.swift; path = AppDelegate.swift; sourceTree = "<group>"; };
		6ED3C59E2485E82600DBBE6B /* SceneDelegate.swift */ = {isa = PBXFileReference; lastKnownFileType = sourcecode.swift; path = SceneDelegate.swift; sourceTree = "<group>"; };
		6ED3C5A02485E82600DBBE6B /* SignInVC.swift */ = {isa = PBXFileReference; lastKnownFileType = sourcecode.swift; path = SignInVC.swift; sourceTree = "<group>"; };
		6ED3C5A52485E82600DBBE6B /* Assets.xcassets */ = {isa = PBXFileReference; lastKnownFileType = folder.assetcatalog; path = Assets.xcassets; sourceTree = "<group>"; };
		6ED3C5A82485E82600DBBE6B /* Base */ = {isa = PBXFileReference; lastKnownFileType = file.storyboard; name = Base; path = Base.lproj/LaunchScreen.storyboard; sourceTree = "<group>"; };
		6ED3C5AA2485E82600DBBE6B /* Info.plist */ = {isa = PBXFileReference; lastKnownFileType = text.plist.xml; path = Info.plist; sourceTree = "<group>"; };
		6ED3C5AF2485E82700DBBE6B /* al-hyun-haeng-iosTests.xctest */ = {isa = PBXFileReference; explicitFileType = wrapper.cfbundle; includeInIndex = 0; path = "al-hyun-haeng-iosTests.xctest"; sourceTree = BUILT_PRODUCTS_DIR; };
		6ED3C5B32485E82700DBBE6B /* al_hyun_haeng_iosTests.swift */ = {isa = PBXFileReference; lastKnownFileType = sourcecode.swift; path = al_hyun_haeng_iosTests.swift; sourceTree = "<group>"; };
		6ED3C5B52485E82700DBBE6B /* Info.plist */ = {isa = PBXFileReference; lastKnownFileType = text.plist.xml; path = Info.plist; sourceTree = "<group>"; };
		6ED3C5C22485EBCD00DBBE6B /* BaseView.swift */ = {isa = PBXFileReference; lastKnownFileType = sourcecode.swift; path = BaseView.swift; sourceTree = "<group>"; };
		6ED3C5C52485EC0000DBBE6B /* BaseVC.swift */ = {isa = PBXFileReference; lastKnownFileType = sourcecode.swift; path = BaseVC.swift; sourceTree = "<group>"; };
		6ED3C5C72485EC1200DBBE6B /* BaseTableViewCell.swift */ = {isa = PBXFileReference; lastKnownFileType = sourcecode.swift; path = BaseTableViewCell.swift; sourceTree = "<group>"; };
		6ED3C5C92485EC1E00DBBE6B /* BaseCollectionViewCell.swift */ = {isa = PBXFileReference; lastKnownFileType = sourcecode.swift; path = BaseCollectionViewCell.swift; sourceTree = "<group>"; };
		6ED3C5CB2485EC2900DBBE6B /* BaseViewModel.swift */ = {isa = PBXFileReference; lastKnownFileType = sourcecode.swift; path = BaseViewModel.swift; sourceTree = "<group>"; };
		6ED3C5CD2485EC3C00DBBE6B /* UIViewExt.swift */ = {isa = PBXFileReference; lastKnownFileType = sourcecode.swift; path = UIViewExt.swift; sourceTree = "<group>"; };
		6ED3C5CF2485EC4D00DBBE6B /* UIColorExt.swift */ = {isa = PBXFileReference; lastKnownFileType = sourcecode.swift; path = UIColorExt.swift; sourceTree = "<group>"; };
		6ED3C5D12485EC5E00DBBE6B /* UIImageViewExt.swift */ = {isa = PBXFileReference; lastKnownFileType = sourcecode.swift; path = UIImageViewExt.swift; sourceTree = "<group>"; };
		6ED3C5D42485EFFE00DBBE6B /* SignInView.swift */ = {isa = PBXFileReference; lastKnownFileType = sourcecode.swift; path = SignInView.swift; sourceTree = "<group>"; };
		6ED3C5D82486027E00DBBE6B /* SpoqaHanSans-Bold.ttf */ = {isa = PBXFileReference; lastKnownFileType = file; path = "SpoqaHanSans-Bold.ttf"; sourceTree = "<group>"; };
		6ED3C5D92486027E00DBBE6B /* SpoqaHanSans-Regular.ttf */ = {isa = PBXFileReference; lastKnownFileType = file; path = "SpoqaHanSans-Regular.ttf"; sourceTree = "<group>"; };
		6ED3C5DA2486027E00DBBE6B /* SpoqaHanSans-Thin.ttf */ = {isa = PBXFileReference; lastKnownFileType = file; path = "SpoqaHanSans-Thin.ttf"; sourceTree = "<group>"; };
		6ED3C5DB2486027E00DBBE6B /* SpoqaHanSans-Light.ttf */ = {isa = PBXFileReference; lastKnownFileType = file; path = "SpoqaHanSans-Light.ttf"; sourceTree = "<group>"; };
		7DF8731418D1D8BC19A39DFC /* Pods-al-hyun-haeng-iosTests.release.xcconfig */ = {isa = PBXFileReference; includeInIndex = 1; lastKnownFileType = text.xcconfig; name = "Pods-al-hyun-haeng-iosTests.release.xcconfig"; path = "Target Support Files/Pods-al-hyun-haeng-iosTests/Pods-al-hyun-haeng-iosTests.release.xcconfig"; sourceTree = "<group>"; };
		E1B2541A508CA553E0ED93D1 /* Pods-al-hyun-haeng-ios.release.xcconfig */ = {isa = PBXFileReference; includeInIndex = 1; lastKnownFileType = text.xcconfig; name = "Pods-al-hyun-haeng-ios.release.xcconfig"; path = "Target Support Files/Pods-al-hyun-haeng-ios/Pods-al-hyun-haeng-ios.release.xcconfig"; sourceTree = "<group>"; };
		F2BBD331F9C39135573939A9 /* Pods-al-hyun-haeng-ios.debug.xcconfig */ = {isa = PBXFileReference; includeInIndex = 1; lastKnownFileType = text.xcconfig; name = "Pods-al-hyun-haeng-ios.debug.xcconfig"; path = "Target Support Files/Pods-al-hyun-haeng-ios/Pods-al-hyun-haeng-ios.debug.xcconfig"; sourceTree = "<group>"; };
/* End PBXFileReference section */

/* Begin PBXFrameworksBuildPhase section */
		6ED3C5962485E82600DBBE6B /* Frameworks */ = {
			isa = PBXFrameworksBuildPhase;
			buildActionMask = 2147483647;
			files = (
				593C862838EDFCF3989179C3 /* Pods_al_hyun_haeng_ios.framework in Frameworks */,
			);
			runOnlyForDeploymentPostprocessing = 0;
		};
		6ED3C5AC2485E82700DBBE6B /* Frameworks */ = {
			isa = PBXFrameworksBuildPhase;
			buildActionMask = 2147483647;
			files = (
				11446532320ED05DDD15FB2C /* Pods_al_hyun_haeng_iosTests.framework in Frameworks */,
			);
			runOnlyForDeploymentPostprocessing = 0;
		};
/* End PBXFrameworksBuildPhase section */

/* Begin PBXGroup section */
		4ADFA3F334C9EBFF7F1DE719 /* Frameworks */ = {
			isa = PBXGroup;
			children = (
				3C1B55D85C7809368BE77C37 /* Pods_al_hyun_haeng_ios.framework */,
				231876B64E350F938D679489 /* Pods_al_hyun_haeng_iosTests.framework */,
			);
			name = Frameworks;
			sourceTree = "<group>";
		};
		6E76E8722488B2E7006102E6 /* services */ = {
			isa = PBXGroup;
			children = (
				6E76E8732488B2F2006102E6 /* UserServices.swift */,
			);
			path = services;
			sourceTree = "<group>";
		};
		6ED3C5902485E82600DBBE6B = {
			isa = PBXGroup;
			children = (
				6ED3C59B2485E82600DBBE6B /* al-hyun-haeng-ios */,
				6ED3C5B22485E82700DBBE6B /* al-hyun-haeng-iosTests */,
				6ED3C59A2485E82600DBBE6B /* Products */,
				C42CFF9668B00FDBA14F98A6 /* Pods */,
				4ADFA3F334C9EBFF7F1DE719 /* Frameworks */,
			);
			sourceTree = "<group>";
		};
		6ED3C59A2485E82600DBBE6B /* Products */ = {
			isa = PBXGroup;
			children = (
				6ED3C5992485E82600DBBE6B /* al-hyun-haeng-ios.app */,
				6ED3C5AF2485E82700DBBE6B /* al-hyun-haeng-iosTests.xctest */,
			);
			name = Products;
			sourceTree = "<group>";
		};
		6ED3C59B2485E82600DBBE6B /* al-hyun-haeng-ios */ = {
			isa = PBXGroup;
			children = (
				6E76E87B2488BF1C006102E6 /* al-hyun-haeng-ios.entitlements */,
				6E76E8722488B2E7006102E6 /* services */,
				6ED3C5D62485F0BA00DBBE6B /* resource */,
				6ED3C5C42485EBF000DBBE6B /* extension */,
				6ED3C5BF2485EBBD00DBBE6B /* utils */,
				6ED3C5BE2485EBB900DBBE6B /* features */,
				6ED3C59C2485E82600DBBE6B /* AppDelegate.swift */,
				6ED3C59E2485E82600DBBE6B /* SceneDelegate.swift */,
				6ED3C5A52485E82600DBBE6B /* Assets.xcassets */,
				6ED3C5A72485E82600DBBE6B /* LaunchScreen.storyboard */,
				6ED3C5AA2485E82600DBBE6B /* Info.plist */,
				6E76E8772488BA47006102E6 /* GoogleService-Info.plist */,
			);
			path = "al-hyun-haeng-ios";
			sourceTree = "<group>";
		};
		6ED3C5B22485E82700DBBE6B /* al-hyun-haeng-iosTests */ = {
			isa = PBXGroup;
			children = (
				6ED3C5B32485E82700DBBE6B /* al_hyun_haeng_iosTests.swift */,
				6ED3C5B52485E82700DBBE6B /* Info.plist */,
			);
			path = "al-hyun-haeng-iosTests";
			sourceTree = "<group>";
		};
		6ED3C5BE2485EBB900DBBE6B /* features */ = {
			isa = PBXGroup;
			children = (
				6ED3C5D32485ECDA00DBBE6B /* membership */,
				6ED3C5C02485EBC200DBBE6B /* shared */,
			);
			path = features;
			sourceTree = "<group>";
		};
		6ED3C5BF2485EBBD00DBBE6B /* utils */ = {
			isa = PBXGroup;
			children = (
				6E76E8702488B276006102E6 /* UserDefaultsUtils.swift */,
				6E76E8752488B508006102E6 /* AlertUtils.swift */,
				6E76E8792488BE5B006102E6 /* FirebaseUtils.swift */,
			);
			path = utils;
			sourceTree = "<group>";
		};
		6ED3C5C02485EBC200DBBE6B /* shared */ = {
			isa = PBXGroup;
			children = (
				6ED3C5C12485EBC700DBBE6B /* base */,
			);
			path = shared;
			sourceTree = "<group>";
		};
		6ED3C5C12485EBC700DBBE6B /* base */ = {
			isa = PBXGroup;
			children = (
				6ED3C5C22485EBCD00DBBE6B /* BaseView.swift */,
				6ED3C5C52485EC0000DBBE6B /* BaseVC.swift */,
				6ED3C5C72485EC1200DBBE6B /* BaseTableViewCell.swift */,
				6ED3C5C92485EC1E00DBBE6B /* BaseCollectionViewCell.swift */,
				6ED3C5CB2485EC2900DBBE6B /* BaseViewModel.swift */,
			);
			path = base;
			sourceTree = "<group>";
		};
		6ED3C5C42485EBF000DBBE6B /* extension */ = {
			isa = PBXGroup;
			children = (
				6ED3C5CD2485EC3C00DBBE6B /* UIViewExt.swift */,
				6ED3C5CF2485EC4D00DBBE6B /* UIColorExt.swift */,
				6ED3C5D12485EC5E00DBBE6B /* UIImageViewExt.swift */,
			);
			path = extension;
			sourceTree = "<group>";
		};
		6ED3C5D32485ECDA00DBBE6B /* membership */ = {
			isa = PBXGroup;
			children = (
				6ED3C5A02485E82600DBBE6B /* SignInVC.swift */,
				6ED3C5D42485EFFE00DBBE6B /* SignInView.swift */,
				6E76E86D2488B20E006102E6 /* SignInViewModel.swift */,
				6E76E87C2488C36B006102E6 /* ProfileView.swift */,
				6E76E87E2488C927006102E6 /* ProfileVC.swift */,
				6E76E8802488DA84006102E6 /* ProfileViewModel.swift */,
			);
			path = membership;
			sourceTree = "<group>";
		};
		6ED3C5D62485F0BA00DBBE6B /* resource */ = {
			isa = PBXGroup;
			children = (
				6ED3C5D72485F0C600DBBE6B /* font */,
			);
			path = resource;
			sourceTree = "<group>";
		};
		6ED3C5D72485F0C600DBBE6B /* font */ = {
			isa = PBXGroup;
			children = (
				6ED3C5D82486027E00DBBE6B /* SpoqaHanSans-Bold.ttf */,
				6ED3C5DB2486027E00DBBE6B /* SpoqaHanSans-Light.ttf */,
				6ED3C5D92486027E00DBBE6B /* SpoqaHanSans-Regular.ttf */,
				6ED3C5DA2486027E00DBBE6B /* SpoqaHanSans-Thin.ttf */,
			);
			path = font;
			sourceTree = "<group>";
		};
		C42CFF9668B00FDBA14F98A6 /* Pods */ = {
			isa = PBXGroup;
			children = (
				F2BBD331F9C39135573939A9 /* Pods-al-hyun-haeng-ios.debug.xcconfig */,
				E1B2541A508CA553E0ED93D1 /* Pods-al-hyun-haeng-ios.release.xcconfig */,
				05069A87983A4698B4EBCF0B /* Pods-al-hyun-haeng-iosTests.debug.xcconfig */,
				7DF8731418D1D8BC19A39DFC /* Pods-al-hyun-haeng-iosTests.release.xcconfig */,
			);
			path = Pods;
			sourceTree = "<group>";
		};
/* End PBXGroup section */

/* Begin PBXNativeTarget section */
		6ED3C5982485E82600DBBE6B /* al-hyun-haeng-ios */ = {
			isa = PBXNativeTarget;
			buildConfigurationList = 6ED3C5B82485E82700DBBE6B /* Build configuration list for PBXNativeTarget "al-hyun-haeng-ios" */;
			buildPhases = (
				54128DE94D845A5AA19E657C /* [CP] Check Pods Manifest.lock */,
				6ED3C5952485E82600DBBE6B /* Sources */,
				6ED3C5962485E82600DBBE6B /* Frameworks */,
				6ED3C5972485E82600DBBE6B /* Resources */,
				C94EEEE301701DD39ACEF48E /* [CP] Embed Pods Frameworks */,
			);
			buildRules = (
			);
			dependencies = (
			);
			name = "al-hyun-haeng-ios";
			productName = "al-hyun-haeng-ios";
			productReference = 6ED3C5992485E82600DBBE6B /* al-hyun-haeng-ios.app */;
			productType = "com.apple.product-type.application";
		};
		6ED3C5AE2485E82700DBBE6B /* al-hyun-haeng-iosTests */ = {
			isa = PBXNativeTarget;
			buildConfigurationList = 6ED3C5BB2485E82700DBBE6B /* Build configuration list for PBXNativeTarget "al-hyun-haeng-iosTests" */;
			buildPhases = (
				E397110A8A7C0243226CABD6 /* [CP] Check Pods Manifest.lock */,
				6ED3C5AB2485E82700DBBE6B /* Sources */,
				6ED3C5AC2485E82700DBBE6B /* Frameworks */,
				6ED3C5AD2485E82700DBBE6B /* Resources */,
			);
			buildRules = (
			);
			dependencies = (
				6ED3C5B12485E82700DBBE6B /* PBXTargetDependency */,
			);
			name = "al-hyun-haeng-iosTests";
			productName = "al-hyun-haeng-iosTests";
			productReference = 6ED3C5AF2485E82700DBBE6B /* al-hyun-haeng-iosTests.xctest */;
			productType = "com.apple.product-type.bundle.unit-test";
		};
/* End PBXNativeTarget section */

/* Begin PBXProject section */
		6ED3C5912485E82600DBBE6B /* Project object */ = {
			isa = PBXProject;
			attributes = {
				LastSwiftUpdateCheck = 1150;
				LastUpgradeCheck = 1150;
				ORGANIZATIONNAME = macgongmon;
				TargetAttributes = {
					6ED3C5982485E82600DBBE6B = {
						CreatedOnToolsVersion = 11.5;
					};
					6ED3C5AE2485E82700DBBE6B = {
						CreatedOnToolsVersion = 11.5;
						TestTargetID = 6ED3C5982485E82600DBBE6B;
					};
				};
			};
			buildConfigurationList = 6ED3C5942485E82600DBBE6B /* Build configuration list for PBXProject "al-hyun-haeng-ios" */;
			compatibilityVersion = "Xcode 9.3";
			developmentRegion = en;
			hasScannedForEncodings = 0;
			knownRegions = (
				en,
				Base,
			);
			mainGroup = 6ED3C5902485E82600DBBE6B;
			productRefGroup = 6ED3C59A2485E82600DBBE6B /* Products */;
			projectDirPath = "";
			projectRoot = "";
			targets = (
				6ED3C5982485E82600DBBE6B /* al-hyun-haeng-ios */,
				6ED3C5AE2485E82700DBBE6B /* al-hyun-haeng-iosTests */,
			);
		};
/* End PBXProject section */

/* Begin PBXResourcesBuildPhase section */
		6ED3C5972485E82600DBBE6B /* Resources */ = {
			isa = PBXResourcesBuildPhase;
			buildActionMask = 2147483647;
			files = (
				6ED3C5A92485E82600DBBE6B /* LaunchScreen.storyboard in Resources */,
				6ED3C5DF2486027E00DBBE6B /* SpoqaHanSans-Light.ttf in Resources */,
				6ED3C5A62485E82600DBBE6B /* Assets.xcassets in Resources */,
				6ED3C5DC2486027E00DBBE6B /* SpoqaHanSans-Bold.ttf in Resources */,
				6ED3C5DE2486027E00DBBE6B /* SpoqaHanSans-Thin.ttf in Resources */,
				6ED3C5DD2486027E00DBBE6B /* SpoqaHanSans-Regular.ttf in Resources */,
				6E76E8782488BA47006102E6 /* GoogleService-Info.plist in Resources */,
			);
			runOnlyForDeploymentPostprocessing = 0;
		};
		6ED3C5AD2485E82700DBBE6B /* Resources */ = {
			isa = PBXResourcesBuildPhase;
			buildActionMask = 2147483647;
			files = (
			);
			runOnlyForDeploymentPostprocessing = 0;
		};
/* End PBXResourcesBuildPhase section */

/* Begin PBXShellScriptBuildPhase section */
		54128DE94D845A5AA19E657C /* [CP] Check Pods Manifest.lock */ = {
			isa = PBXShellScriptBuildPhase;
			buildActionMask = 2147483647;
			files = (
			);
			inputFileListPaths = (
			);
			inputPaths = (
				"${PODS_PODFILE_DIR_PATH}/Podfile.lock",
				"${PODS_ROOT}/Manifest.lock",
			);
			name = "[CP] Check Pods Manifest.lock";
			outputFileListPaths = (
			);
			outputPaths = (
				"$(DERIVED_FILE_DIR)/Pods-al-hyun-haeng-ios-checkManifestLockResult.txt",
			);
			runOnlyForDeploymentPostprocessing = 0;
			shellPath = /bin/sh;
			shellScript = "diff \"${PODS_PODFILE_DIR_PATH}/Podfile.lock\" \"${PODS_ROOT}/Manifest.lock\" > /dev/null\nif [ $? != 0 ] ; then\n    # print error to STDERR\n    echo \"error: The sandbox is not in sync with the Podfile.lock. Run 'pod install' or update your CocoaPods installation.\" >&2\n    exit 1\nfi\n# This output is used by Xcode 'outputs' to avoid re-running this script phase.\necho \"SUCCESS\" > \"${SCRIPT_OUTPUT_FILE_0}\"\n";
			showEnvVarsInLog = 0;
		};
		C94EEEE301701DD39ACEF48E /* [CP] Embed Pods Frameworks */ = {
			isa = PBXShellScriptBuildPhase;
			buildActionMask = 2147483647;
			files = (
			);
			inputFileListPaths = (
				"${PODS_ROOT}/Target Support Files/Pods-al-hyun-haeng-ios/Pods-al-hyun-haeng-ios-frameworks-${CONFIGURATION}-input-files.xcfilelist",
			);
			name = "[CP] Embed Pods Frameworks";
			outputFileListPaths = (
				"${PODS_ROOT}/Target Support Files/Pods-al-hyun-haeng-ios/Pods-al-hyun-haeng-ios-frameworks-${CONFIGURATION}-output-files.xcfilelist",
			);
			runOnlyForDeploymentPostprocessing = 0;
			shellPath = /bin/sh;
			shellScript = "\"${PODS_ROOT}/Target Support Files/Pods-al-hyun-haeng-ios/Pods-al-hyun-haeng-ios-frameworks.sh\"\n";
			showEnvVarsInLog = 0;
		};
		E397110A8A7C0243226CABD6 /* [CP] Check Pods Manifest.lock */ = {
			isa = PBXShellScriptBuildPhase;
			buildActionMask = 2147483647;
			files = (
			);
			inputFileListPaths = (
			);
			inputPaths = (
				"${PODS_PODFILE_DIR_PATH}/Podfile.lock",
				"${PODS_ROOT}/Manifest.lock",
			);
			name = "[CP] Check Pods Manifest.lock";
			outputFileListPaths = (
			);
			outputPaths = (
				"$(DERIVED_FILE_DIR)/Pods-al-hyun-haeng-iosTests-checkManifestLockResult.txt",
			);
			runOnlyForDeploymentPostprocessing = 0;
			shellPath = /bin/sh;
			shellScript = "diff \"${PODS_PODFILE_DIR_PATH}/Podfile.lock\" \"${PODS_ROOT}/Manifest.lock\" > /dev/null\nif [ $? != 0 ] ; then\n    # print error to STDERR\n    echo \"error: The sandbox is not in sync with the Podfile.lock. Run 'pod install' or update your CocoaPods installation.\" >&2\n    exit 1\nfi\n# This output is used by Xcode 'outputs' to avoid re-running this script phase.\necho \"SUCCESS\" > \"${SCRIPT_OUTPUT_FILE_0}\"\n";
			showEnvVarsInLog = 0;
		};
/* End PBXShellScriptBuildPhase section */

/* Begin PBXSourcesBuildPhase section */
		6ED3C5952485E82600DBBE6B /* Sources */ = {
			isa = PBXSourcesBuildPhase;
			buildActionMask = 2147483647;
			files = (
				6E76E8712488B276006102E6 /* UserDefaultsUtils.swift in Sources */,
				6ED3C5CE2485EC3C00DBBE6B /* UIViewExt.swift in Sources */,
				6ED3C5A12485E82600DBBE6B /* SignInVC.swift in Sources */,
				6E76E87F2488C927006102E6 /* ProfileVC.swift in Sources */,
				6ED3C5CA2485EC1E00DBBE6B /* BaseCollectionViewCell.swift in Sources */,
				6E76E8762488B508006102E6 /* AlertUtils.swift in Sources */,
				6E76E87A2488BE5B006102E6 /* FirebaseUtils.swift in Sources */,
				6ED3C5D02485EC4D00DBBE6B /* UIColorExt.swift in Sources */,
				6E76E86E2488B20E006102E6 /* SignInViewModel.swift in Sources */,
				6ED3C59D2485E82600DBBE6B /* AppDelegate.swift in Sources */,
				6E76E8742488B2F2006102E6 /* UserServices.swift in Sources */,
				6E76E87D2488C36B006102E6 /* ProfileView.swift in Sources */,
				6ED3C59F2485E82600DBBE6B /* SceneDelegate.swift in Sources */,
				6ED3C5D52485EFFE00DBBE6B /* SignInView.swift in Sources */,
				6E76E8812488DA84006102E6 /* ProfileViewModel.swift in Sources */,
				6ED3C5C32485EBCD00DBBE6B /* BaseView.swift in Sources */,
				6ED3C5CC2485EC2900DBBE6B /* BaseViewModel.swift in Sources */,
				6ED3C5C82485EC1200DBBE6B /* BaseTableViewCell.swift in Sources */,
				6ED3C5D22485EC5E00DBBE6B /* UIImageViewExt.swift in Sources */,
				6ED3C5C62485EC0000DBBE6B /* BaseVC.swift in Sources */,
			);
			runOnlyForDeploymentPostprocessing = 0;
		};
		6ED3C5AB2485E82700DBBE6B /* Sources */ = {
			isa = PBXSourcesBuildPhase;
			buildActionMask = 2147483647;
			files = (
				6ED3C5B42485E82700DBBE6B /* al_hyun_haeng_iosTests.swift in Sources */,
			);
			runOnlyForDeploymentPostprocessing = 0;
		};
/* End PBXSourcesBuildPhase section */

/* Begin PBXTargetDependency section */
		6ED3C5B12485E82700DBBE6B /* PBXTargetDependency */ = {
			isa = PBXTargetDependency;
			target = 6ED3C5982485E82600DBBE6B /* al-hyun-haeng-ios */;
			targetProxy = 6ED3C5B02485E82700DBBE6B /* PBXContainerItemProxy */;
		};
/* End PBXTargetDependency section */

/* Begin PBXVariantGroup section */
		6ED3C5A72485E82600DBBE6B /* LaunchScreen.storyboard */ = {
			isa = PBXVariantGroup;
			children = (
				6ED3C5A82485E82600DBBE6B /* Base */,
			);
			name = LaunchScreen.storyboard;
			sourceTree = "<group>";
		};
/* End PBXVariantGroup section */

/* Begin XCBuildConfiguration section */
		6ED3C5B62485E82700DBBE6B /* Debug */ = {
			isa = XCBuildConfiguration;
			buildSettings = {
				ALWAYS_SEARCH_USER_PATHS = NO;
				CLANG_ANALYZER_NONNULL = YES;
				CLANG_ANALYZER_NUMBER_OBJECT_CONVERSION = YES_AGGRESSIVE;
				CLANG_CXX_LANGUAGE_STANDARD = "gnu++14";
				CLANG_CXX_LIBRARY = "libc++";
				CLANG_ENABLE_MODULES = YES;
				CLANG_ENABLE_OBJC_ARC = YES;
				CLANG_ENABLE_OBJC_WEAK = YES;
				CLANG_WARN_BLOCK_CAPTURE_AUTORELEASING = YES;
				CLANG_WARN_BOOL_CONVERSION = YES;
				CLANG_WARN_COMMA = YES;
				CLANG_WARN_CONSTANT_CONVERSION = YES;
				CLANG_WARN_DEPRECATED_OBJC_IMPLEMENTATIONS = YES;
				CLANG_WARN_DIRECT_OBJC_ISA_USAGE = YES_ERROR;
				CLANG_WARN_DOCUMENTATION_COMMENTS = YES;
				CLANG_WARN_EMPTY_BODY = YES;
				CLANG_WARN_ENUM_CONVERSION = YES;
				CLANG_WARN_INFINITE_RECURSION = YES;
				CLANG_WARN_INT_CONVERSION = YES;
				CLANG_WARN_NON_LITERAL_NULL_CONVERSION = YES;
				CLANG_WARN_OBJC_IMPLICIT_RETAIN_SELF = YES;
				CLANG_WARN_OBJC_LITERAL_CONVERSION = YES;
				CLANG_WARN_OBJC_ROOT_CLASS = YES_ERROR;
				CLANG_WARN_RANGE_LOOP_ANALYSIS = YES;
				CLANG_WARN_STRICT_PROTOTYPES = YES;
				CLANG_WARN_SUSPICIOUS_MOVE = YES;
				CLANG_WARN_UNGUARDED_AVAILABILITY = YES_AGGRESSIVE;
				CLANG_WARN_UNREACHABLE_CODE = YES;
				CLANG_WARN__DUPLICATE_METHOD_MATCH = YES;
				COPY_PHASE_STRIP = NO;
				DEBUG_INFORMATION_FORMAT = dwarf;
				ENABLE_STRICT_OBJC_MSGSEND = YES;
				ENABLE_TESTABILITY = YES;
				GCC_C_LANGUAGE_STANDARD = gnu11;
				GCC_DYNAMIC_NO_PIC = NO;
				GCC_NO_COMMON_BLOCKS = YES;
				GCC_OPTIMIZATION_LEVEL = 0;
				GCC_PREPROCESSOR_DEFINITIONS = (
					"DEBUG=1",
					"$(inherited)",
				);
				GCC_WARN_64_TO_32_BIT_CONVERSION = YES;
				GCC_WARN_ABOUT_RETURN_TYPE = YES_ERROR;
				GCC_WARN_UNDECLARED_SELECTOR = YES;
				GCC_WARN_UNINITIALIZED_AUTOS = YES_AGGRESSIVE;
				GCC_WARN_UNUSED_FUNCTION = YES;
				GCC_WARN_UNUSED_VARIABLE = YES;
				IPHONEOS_DEPLOYMENT_TARGET = 13.5;
				MTL_ENABLE_DEBUG_INFO = INCLUDE_SOURCE;
				MTL_FAST_MATH = YES;
				ONLY_ACTIVE_ARCH = YES;
				SDKROOT = iphoneos;
				SWIFT_ACTIVE_COMPILATION_CONDITIONS = DEBUG;
				SWIFT_OPTIMIZATION_LEVEL = "-Onone";
			};
			name = Debug;
		};
		6ED3C5B72485E82700DBBE6B /* Release */ = {
			isa = XCBuildConfiguration;
			buildSettings = {
				ALWAYS_SEARCH_USER_PATHS = NO;
				CLANG_ANALYZER_NONNULL = YES;
				CLANG_ANALYZER_NUMBER_OBJECT_CONVERSION = YES_AGGRESSIVE;
				CLANG_CXX_LANGUAGE_STANDARD = "gnu++14";
				CLANG_CXX_LIBRARY = "libc++";
				CLANG_ENABLE_MODULES = YES;
				CLANG_ENABLE_OBJC_ARC = YES;
				CLANG_ENABLE_OBJC_WEAK = YES;
				CLANG_WARN_BLOCK_CAPTURE_AUTORELEASING = YES;
				CLANG_WARN_BOOL_CONVERSION = YES;
				CLANG_WARN_COMMA = YES;
				CLANG_WARN_CONSTANT_CONVERSION = YES;
				CLANG_WARN_DEPRECATED_OBJC_IMPLEMENTATIONS = YES;
				CLANG_WARN_DIRECT_OBJC_ISA_USAGE = YES_ERROR;
				CLANG_WARN_DOCUMENTATION_COMMENTS = YES;
				CLANG_WARN_EMPTY_BODY = YES;
				CLANG_WARN_ENUM_CONVERSION = YES;
				CLANG_WARN_INFINITE_RECURSION = YES;
				CLANG_WARN_INT_CONVERSION = YES;
				CLANG_WARN_NON_LITERAL_NULL_CONVERSION = YES;
				CLANG_WARN_OBJC_IMPLICIT_RETAIN_SELF = YES;
				CLANG_WARN_OBJC_LITERAL_CONVERSION = YES;
				CLANG_WARN_OBJC_ROOT_CLASS = YES_ERROR;
				CLANG_WARN_RANGE_LOOP_ANALYSIS = YES;
				CLANG_WARN_STRICT_PROTOTYPES = YES;
				CLANG_WARN_SUSPICIOUS_MOVE = YES;
				CLANG_WARN_UNGUARDED_AVAILABILITY = YES_AGGRESSIVE;
				CLANG_WARN_UNREACHABLE_CODE = YES;
				CLANG_WARN__DUPLICATE_METHOD_MATCH = YES;
				COPY_PHASE_STRIP = NO;
				DEBUG_INFORMATION_FORMAT = "dwarf-with-dsym";
				ENABLE_NS_ASSERTIONS = NO;
				ENABLE_STRICT_OBJC_MSGSEND = YES;
				GCC_C_LANGUAGE_STANDARD = gnu11;
				GCC_NO_COMMON_BLOCKS = YES;
				GCC_WARN_64_TO_32_BIT_CONVERSION = YES;
				GCC_WARN_ABOUT_RETURN_TYPE = YES_ERROR;
				GCC_WARN_UNDECLARED_SELECTOR = YES;
				GCC_WARN_UNINITIALIZED_AUTOS = YES_AGGRESSIVE;
				GCC_WARN_UNUSED_FUNCTION = YES;
				GCC_WARN_UNUSED_VARIABLE = YES;
				IPHONEOS_DEPLOYMENT_TARGET = 13.5;
				MTL_ENABLE_DEBUG_INFO = NO;
				MTL_FAST_MATH = YES;
				SDKROOT = iphoneos;
				SWIFT_COMPILATION_MODE = wholemodule;
				SWIFT_OPTIMIZATION_LEVEL = "-O";
				VALIDATE_PRODUCT = YES;
			};
			name = Release;
		};
		6ED3C5B92485E82700DBBE6B /* Debug */ = {
			isa = XCBuildConfiguration;
			baseConfigurationReference = F2BBD331F9C39135573939A9 /* Pods-al-hyun-haeng-ios.debug.xcconfig */;
			buildSettings = {
				ASSETCATALOG_COMPILER_APPICON_NAME = AppIcon;
				CODE_SIGN_ENTITLEMENTS = "al-hyun-haeng-ios/al-hyun-haeng-ios.entitlements";
				CODE_SIGN_STYLE = Automatic;
				DEVELOPMENT_TEAM = X975A2HM62;
				INFOPLIST_FILE = "al-hyun-haeng-ios/Info.plist";
				LD_RUNPATH_SEARCH_PATHS = (
					"$(inherited)",
					"@executable_path/Frameworks",
				);
				PRODUCT_BUNDLE_IDENTIFIER = "macgongmon.al-hyun-haeng-ios";
				PRODUCT_NAME = "$(TARGET_NAME)";
				SWIFT_VERSION = 5.0;
				TARGETED_DEVICE_FAMILY = "1,2";
			};
			name = Debug;
		};
		6ED3C5BA2485E82700DBBE6B /* Release */ = {
			isa = XCBuildConfiguration;
			baseConfigurationReference = E1B2541A508CA553E0ED93D1 /* Pods-al-hyun-haeng-ios.release.xcconfig */;
			buildSettings = {
				ASSETCATALOG_COMPILER_APPICON_NAME = AppIcon;
				CODE_SIGN_ENTITLEMENTS = "al-hyun-haeng-ios/al-hyun-haeng-ios.entitlements";
				CODE_SIGN_STYLE = Automatic;
				DEVELOPMENT_TEAM = X975A2HM62;
				INFOPLIST_FILE = "al-hyun-haeng-ios/Info.plist";
				LD_RUNPATH_SEARCH_PATHS = (
					"$(inherited)",
					"@executable_path/Frameworks",
				);
				PRODUCT_BUNDLE_IDENTIFIER = "macgongmon.al-hyun-haeng-ios";
				PRODUCT_NAME = "$(TARGET_NAME)";
				SWIFT_VERSION = 5.0;
				TARGETED_DEVICE_FAMILY = "1,2";
			};
			name = Release;
		};
		6ED3C5BC2485E82700DBBE6B /* Debug */ = {
			isa = XCBuildConfiguration;
			baseConfigurationReference = 05069A87983A4698B4EBCF0B /* Pods-al-hyun-haeng-iosTests.debug.xcconfig */;
			buildSettings = {
				ALWAYS_EMBED_SWIFT_STANDARD_LIBRARIES = YES;
				BUNDLE_LOADER = "$(TEST_HOST)";
				CODE_SIGN_STYLE = Automatic;
				DEVELOPMENT_TEAM = X975A2HM62;
				INFOPLIST_FILE = "al-hyun-haeng-iosTests/Info.plist";
				IPHONEOS_DEPLOYMENT_TARGET = 13.5;
				LD_RUNPATH_SEARCH_PATHS = (
					"$(inherited)",
					"@executable_path/Frameworks",
					"@loader_path/Frameworks",
				);
				PRODUCT_BUNDLE_IDENTIFIER = "macgongmon.al-hyun-haeng-iosTests";
				PRODUCT_NAME = "$(TARGET_NAME)";
				SWIFT_VERSION = 5.0;
				TARGETED_DEVICE_FAMILY = "1,2";
				TEST_HOST = "$(BUILT_PRODUCTS_DIR)/al-hyun-haeng-ios.app/al-hyun-haeng-ios";
			};
			name = Debug;
		};
		6ED3C5BD2485E82700DBBE6B /* Release */ = {
			isa = XCBuildConfiguration;
			baseConfigurationReference = 7DF8731418D1D8BC19A39DFC /* Pods-al-hyun-haeng-iosTests.release.xcconfig */;
			buildSettings = {
				ALWAYS_EMBED_SWIFT_STANDARD_LIBRARIES = YES;
				BUNDLE_LOADER = "$(TEST_HOST)";
				CODE_SIGN_STYLE = Automatic;
				DEVELOPMENT_TEAM = X975A2HM62;
				INFOPLIST_FILE = "al-hyun-haeng-iosTests/Info.plist";
				IPHONEOS_DEPLOYMENT_TARGET = 13.5;
				LD_RUNPATH_SEARCH_PATHS = (
					"$(inherited)",
					"@executable_path/Frameworks",
					"@loader_path/Frameworks",
				);
				PRODUCT_BUNDLE_IDENTIFIER = "macgongmon.al-hyun-haeng-iosTests";
				PRODUCT_NAME = "$(TARGET_NAME)";
				SWIFT_VERSION = 5.0;
				TARGETED_DEVICE_FAMILY = "1,2";
				TEST_HOST = "$(BUILT_PRODUCTS_DIR)/al-hyun-haeng-ios.app/al-hyun-haeng-ios";
			};
			name = Release;
		};
/* End XCBuildConfiguration section */

/* Begin XCConfigurationList section */
		6ED3C5942485E82600DBBE6B /* Build configuration list for PBXProject "al-hyun-haeng-ios" */ = {
			isa = XCConfigurationList;
			buildConfigurations = (
				6ED3C5B62485E82700DBBE6B /* Debug */,
				6ED3C5B72485E82700DBBE6B /* Release */,
			);
			defaultConfigurationIsVisible = 0;
			defaultConfigurationName = Release;
		};
		6ED3C5B82485E82700DBBE6B /* Build configuration list for PBXNativeTarget "al-hyun-haeng-ios" */ = {
			isa = XCConfigurationList;
			buildConfigurations = (
				6ED3C5B92485E82700DBBE6B /* Debug */,
				6ED3C5BA2485E82700DBBE6B /* Release */,
			);
			defaultConfigurationIsVisible = 0;
			defaultConfigurationName = Release;
		};
		6ED3C5BB2485E82700DBBE6B /* Build configuration list for PBXNativeTarget "al-hyun-haeng-iosTests" */ = {
			isa = XCConfigurationList;
			buildConfigurations = (
				6ED3C5BC2485E82700DBBE6B /* Debug */,
				6ED3C5BD2485E82700DBBE6B /* Release */,
			);
			defaultConfigurationIsVisible = 0;
			defaultConfigurationName = Release;
		};
/* End XCConfigurationList section */
	};
	rootObject = 6ED3C5912485E82600DBBE6B /* Project object */;
}
